{
  "lockfileVersion": 1,
  "configVersion": 0,
  "workspaces": {
    "": {
      "name": "tinynotes",
      "dependencies": {
        "@tiptap/extension-link": "^3.22.5",
        "@tiptap/extension-placeholder": "^3.22.5",
        "@tiptap/extension-underline": "^3.22.5",
        "@tiptap/react": "^3.22.5",
        "@tiptap/starter-kit": "^3.22.5",
        "better-auth": "^1.6.9",
        "clsx": "^2.1.1",
        "lucide-react": "^1.14.0",
        "next": "^15.3.1",
        "react": "^19.1.0",
        "react-dom": "^19.1.0",
      },
      "devDependencies": {
        "@tailwindcss/postcss": "^4.1.5",
        "@types/node": "^22.15.2",
        "@types/react": "^19.1.2",
        "@types/react-dom": "^19.1.2",
        "playwright": "^1.59.1",
        "tailwindcss": "^4.1.5",
        "typescript": "^5.8.3",
      },
    },
  },
  "packages": {
    "@alloc/quick-lru": ["@alloc/quick-lru@5.2.0", "", {}, "sha512-UrcABB+4bUrFABwbluTIBErXwvbsU/V7TZWfmbgJfbkwiBuziS9gxdODUyuiecfdGQ85jglMW6juS3+z5TsKLw=="],

    "@better-auth/core": ["@better-auth/core@1.6.9", "", { "dependencies": { "@opentelemetry/semantic-conventions": "^1.39.0", "@standard-schema/spec": "^1.1.0", "zod": "^4.3.6" }, "peerDependencies": { "@better-auth/utils": "0.4.0", "@better-fetch/fetch": "1.1.21", "@cloudflare/workers-types": ">=4", "@opentelemetry/api": "^1.9.0", "better-call": "1.3.5", "jose": "^6.1.0", "kysely": "^0.28.5", "nanostores": "^1.0.1" }, "optionalPeers": ["@cloudflare/workers-types", "@opentelemetry/api"] }, "sha512-ADFk5pwmLybmc+LvYvXJ6M1x2oY/EyYLkwLuH0x28FUq12DfjL0wnE7g+WRDf3yozDO+qIxTpFGXDGwLKbfz0w=="],

    "@better-auth/drizzle-adapter": ["@better-auth/drizzle-adapter@1.6.9", "", { "peerDependencies": { "@better-auth/core": "^1.6.9", "@better-auth/utils": "0.4.0", "drizzle-orm": "^0.45.2" }, "optionalPeers": ["drizzle-orm"] }, "sha512-Lcco5hOGrMgc4XKAkvB6x72eQm4wCcya8IevMg4wBHY9W9GVg8pu23rpRX6VsVQSO4Ux13S7lFwUWtF7/r9aKw=="],

    "@better-auth/kysely-adapter": ["@better-auth/kysely-adapter@1.6.9", "", { "peerDependencies": { "@better-auth/core": "^1.6.9", "@better-auth/utils": "0.4.0", "kysely": "^0.28.14" }, "optionalPeers": ["kysely"] }, "sha512-gyjuuxJtZ4o9G9z9q4kqn24X2kvMSp7F+KHogYxF03SnXY/2WleAcuj57iC4wP3e9mGDbjPOrnM5K6Kr3Ktdpw=="],

    "@better-auth/memory-adapter": ["@better-auth/memory-adapter@1.6.9", "", { "peerDependencies": { "@better-auth/core": "^1.6.9", "@better-auth/utils": "0.4.0" } }, "sha512-XmIG4tUnOXZ+KEcWjHUjOI9Z5donD09dC2t/AQTXifAUIqx7cySg86w0KTM09ArzAxRx1fCqO36Wkt5nULnrkQ=="],

    "@better-auth/mongo-adapter": ["@better-auth/mongo-adapter@1.6.9", "", { "peerDependencies": { "@better-auth/core": "^1.6.9", "@better-auth/utils": "0.4.0", "mongodb": "^6.0.0 || ^7.0.0" }, "optionalPeers": ["mongodb"] }, "sha512-h+AiRJ/TsBSi+ZDjySASBpbJ/9QCXBre34PSKgCz7QmTHrFM9Cg2EM4AM7LjR5lPXipEE+2rWPBc9wfnUBjhcw=="],

    "@better-auth/prisma-adapter": ["@better-auth/prisma-adapter@1.6.9", "", { "peerDependencies": { "@better-auth/core": "^1.6.9", "@better-auth/utils": "0.4.0", "@prisma/client": "^5.0.0 || ^6.0.0 || ^7.0.0", "prisma": "^5.0.0 || ^6.0.0 || ^7.0.0" }, "optionalPeers": ["@prisma/client", "prisma"] }, "sha512-XHks01ntK20orqK/jICq8wmEbJ/zT6dct49Fk8zTQKN9QNGDc+Ix5+7z/Kvui0DXGFf790GfvRozquzaLtXa8Q=="],

    "@better-auth/telemetry": ["@better-auth/telemetry@1.6.9", "", { "peerDependencies": { "@better-auth/core": "^1.6.9", "@better-auth/utils": "0.4.0", "@better-fetch/fetch": "1.1.21" } }, "sha512-0u5zkhSCAQFoN3DHvUkLHOF6MBbVTDAa6mU8mhPwiysdz1x21vMzhzfaAKN/ZGWaQ09v91/F+2qu42G/bhUV4A=="],

    "@better-auth/utils": ["@better-auth/utils@0.4.0", "", { "dependencies": { "@noble/hashes": "^2.0.1" } }, "sha512-RpMtLUIQAEWMgdPLNVbIF5ON2mm+CH0U3rCdUCU1VyeAUui4m38DyK7/aXMLZov2YDjG684pS1D0MBllrmgjQA=="],

    "@better-fetch/fetch": ["@better-fetch/fetch@1.1.21", "", {}, "sha512-/ImESw0sskqlVR94jB+5+Pxjf+xBwDZF/N5+y2/q4EqD7IARUTSpPfIo8uf39SYpCxyOCtbyYpUrZ3F/k0zT4A=="],

    "@emnapi/runtime": ["@emnapi/runtime@1.10.0", "", { "dependencies": { "tslib": "^2.4.0" } }, "sha512-ewvYlk86xUoGI0zQRNq/mC+16R1QeDlKQy21Ki3oSYXNgLb45GV1P6A0M+/s6nyCuNDqe5VpaY84BzXGwVbwFA=="],

    "@floating-ui/core": ["@floating-ui/core@1.7.5", "", { "dependencies": { "@floating-ui/utils": "^0.2.11" } }, "sha512-1Ih4WTWyw0+lKyFMcBHGbb5U5FtuHJuujoyyr5zTaWS5EYMeT6Jb2AuDeftsCsEuchO+mM2ij5+q9crhydzLhQ=="],

    "@floating-ui/dom": ["@floating-ui/dom@1.7.6", "", { "dependencies": { "@floating-ui/core": "^1.7.5", "@floating-ui/utils": "^0.2.11" } }, "sha512-9gZSAI5XM36880PPMm//9dfiEngYoC6Am2izES1FF406YFsjvyBMmeJ2g4SAju3xWwtuynNRFL2s9hgxpLI5SQ=="],

    "@floating-ui/utils": ["@floating-ui/utils@0.2.11", "", {}, "sha512-RiB/yIh78pcIxl6lLMG0CgBXAZ2Y0eVHqMPYugu+9U0AeT6YBeiJpf7lbdJNIugFP5SIjwNRgo4DhR1Qxi26Gg=="],

    "@img/colour": ["@img/colour@1.1.0", "", {}, "sha512-Td76q7j57o/tLVdgS746cYARfSyxk8iEfRxewL9h4OMzYhbW4TAcppl0mT4eyqXddh6L/jwoM75mo7ixa/pCeQ=="],

    "@img/sharp-darwin-arm64": ["@img/sharp-darwin-arm64@0.34.5", "", { "optionalDependencies": { "@img/sharp-libvips-darwin-arm64": "1.2.4" }, "os": "darwin", "cpu": "arm64" }, "sha512-imtQ3WMJXbMY4fxb/Ndp6HBTNVtWCUI0WdobyheGf5+ad6xX8VIDO8u2xE4qc/fr08CKG/7dDseFtn6M6g/r3w=="],

    "@img/sharp-darwin-x64": ["@img/sharp-darwin-x64@0.34.5", "", { "optionalDependencies": { "@img/sharp-libvips-darwin-x64": "1.2.4" }, "os": "darwin", "cpu": "x64" }, "sha512-YNEFAF/4KQ/PeW0N+r+aVVsoIY0/qxxikF2SWdp+NRkmMB7y9LBZAVqQ4yhGCm/H3H270OSykqmQMKLBhBJDEw=="],

    "@img/sharp-libvips-darwin-arm64": ["@img/sharp-libvips-darwin-arm64@1.2.4", "", { "os": "darwin", "cpu": "arm64" }, "sha512-zqjjo7RatFfFoP0MkQ51jfuFZBnVE2pRiaydKJ1G/rHZvnsrHAOcQALIi9sA5co5xenQdTugCvtb1cuf78Vf4g=="],

    "@img/sharp-libvips-darwin-x64": ["@img/sharp-libvips-darwin-x64@1.2.4", "", { "os": "darwin", "cpu": "x64" }, "sha512-1IOd5xfVhlGwX+zXv2N93k0yMONvUlANylbJw1eTah8K/Jtpi15KC+WSiaX/nBmbm2HxRM1gZ0nSdjSsrZbGKg=="],

    "@img/sharp-libvips-linux-arm": ["@img/sharp-libvips-linux-arm@1.2.4", "", { "os": "linux", "cpu": "arm" }, "sha512-bFI7xcKFELdiNCVov8e44Ia4u2byA+l3XtsAj+Q8tfCwO6BQ8iDojYdvoPMqsKDkuoOo+X6HZA0s0q11ANMQ8A=="],

    "@img/sharp-libvips-linux-arm64": ["@img/sharp-libvips-linux-arm64@1.2.4", "", { "os": "linux", "cpu": "arm64" }, "sha512-excjX8DfsIcJ10x1Kzr4RcWe1edC9PquDRRPx3YVCvQv+U5p7Yin2s32ftzikXojb1PIFc/9Mt28/y+iRklkrw=="],

    "@img/sharp-libvips-linux-ppc64": ["@img/sharp-libvips-linux-ppc64@1.2.4", "", { "os": "linux", "cpu": "ppc64" }, "sha512-FMuvGijLDYG6lW+b/UvyilUWu5Ayu+3r2d1S8notiGCIyYU/76eig1UfMmkZ7vwgOrzKzlQbFSuQfgm7GYUPpA=="],

    "@img/sharp-libvips-linux-riscv64": ["@img/sharp-libvips-linux-riscv64@1.2.4", "", { "os": "linux", "cpu": "none" }, "sha512-oVDbcR4zUC0ce82teubSm+x6ETixtKZBh/qbREIOcI3cULzDyb18Sr/Wcyx7NRQeQzOiHTNbZFF1UwPS2scyGA=="],

    "@img/sharp-libvips-linux-s390x": ["@img/sharp-libvips-linux-s390x@1.2.4", "", { "os": "linux", "cpu": "s390x" }, "sha512-qmp9VrzgPgMoGZyPvrQHqk02uyjA0/QrTO26Tqk6l4ZV0MPWIW6LTkqOIov+J1yEu7MbFQaDpwdwJKhbJvuRxQ=="],

    "@img/sharp-libvips-linux-x64": ["@img/sharp-libvips-linux-x64@1.2.4", "", { "os": "linux", "cpu": "x64" }, "sha512-tJxiiLsmHc9Ax1bz3oaOYBURTXGIRDODBqhveVHonrHJ9/+k89qbLl0bcJns+e4t4rvaNBxaEZsFtSfAdquPrw=="],

    "@img/sharp-libvips-linuxmusl-arm64": ["@img/sharp-libvips-linuxmusl-arm64@1.2.4", "", { "os": "linux", "cpu": "arm64" }, "sha512-FVQHuwx1IIuNow9QAbYUzJ+En8KcVm9Lk5+uGUQJHaZmMECZmOlix9HnH7n1TRkXMS0pGxIJokIVB9SuqZGGXw=="],

    "@img/sharp-libvips-linuxmusl-x64": ["@img/sharp-libvips-linuxmusl-x64@1.2.4", "", { "os": "linux", "cpu": "x64" }, "sha512-+LpyBk7L44ZIXwz/VYfglaX/okxezESc6UxDSoyo2Ks6Jxc4Y7sGjpgU9s4PMgqgjj1gZCylTieNamqA1MF7Dg=="],

    "@img/sharp-linux-arm": ["@img/sharp-linux-arm@0.34.5", "", { "optionalDependencies": { "@img/sharp-libvips-linux-arm": "1.2.4" }, "os": "linux", "cpu": "arm" }, "sha512-9dLqsvwtg1uuXBGZKsxem9595+ujv0sJ6Vi8wcTANSFpwV/GONat5eCkzQo/1O6zRIkh0m/8+5BjrRr7jDUSZw=="],

    "@img/sharp-linux-arm64": ["@img/sharp-linux-arm64@0.34.5", "", { "optionalDependencies": { "@img/sharp-libvips-linux-arm64": "1.2.4" }, "os": "linux", "cpu": "arm64" }, "sha512-bKQzaJRY/bkPOXyKx5EVup7qkaojECG6NLYswgktOZjaXecSAeCWiZwwiFf3/Y+O1HrauiE3FVsGxFg8c24rZg=="],

    "@img/sharp-linux-ppc64": ["@img/sharp-linux-ppc64@0.34.5", "", { "optionalDependencies": { "@img/sharp-libvips-linux-ppc64": "1.2.4" }, "os": "linux", "cpu": "ppc64" }, "sha512-7zznwNaqW6YtsfrGGDA6BRkISKAAE1Jo0QdpNYXNMHu2+0dTrPflTLNkpc8l7MUP5M16ZJcUvysVWWrMefZquA=="],

    "@img/sharp-linux-riscv64": ["@img/sharp-linux-riscv64@0.34.5", "", { "optionalDependencies": { "@img/sharp-libvips-linux-riscv64": "1.2.4" }, "os": "linux", "cpu": "none" }, "sha512-51gJuLPTKa7piYPaVs8GmByo7/U7/7TZOq+cnXJIHZKavIRHAP77e3N2HEl3dgiqdD/w0yUfiJnII77PuDDFdw=="],

    "@img/sharp-linux-s390x": ["@img/sharp-linux-s390x@0.34.5", "", { "optionalDependencies": { "@img/sharp-libvips-linux-s390x": "1.2.4" }, "os": "linux", "cpu": "s390x" }, "sha512-nQtCk0PdKfho3eC5MrbQoigJ2gd1CgddUMkabUj+rBevs8tZ2cULOx46E7oyX+04WGfABgIwmMC0VqieTiR4jg=="],

    "@img/sharp-linux-x64": ["@img/sharp-linux-x64@0.34.5", "", { "optionalDependencies": { "@img/sharp-libvips-linux-x64": "1.2.4" }, "os": "linux", "cpu": "x64" }, "sha512-MEzd8HPKxVxVenwAa+JRPwEC7QFjoPWuS5NZnBt6B3pu7EG2Ge0id1oLHZpPJdn3OQK+BQDiw9zStiHBTJQQQQ=="],

    "@img/sharp-linuxmusl-arm64": ["@img/sharp-linuxmusl-arm64@0.34.5", "", { "optionalDependencies": { "@img/sharp-libvips-linuxmusl-arm64": "1.2.4" }, "os": "linux", "cpu": "arm64" }, "sha512-fprJR6GtRsMt6Kyfq44IsChVZeGN97gTD331weR1ex1c1rypDEABN6Tm2xa1wE6lYb5DdEnk03NZPqA7Id21yg=="],

    "@img/sharp-linuxmusl-x64": ["@img/sharp-linuxmusl-x64@0.34.5", "", { "optionalDependencies": { "@img/sharp-libvips-linuxmusl-x64": "1.2.4" }, "os": "linux", "cpu": "x64" }, "sha512-Jg8wNT1MUzIvhBFxViqrEhWDGzqymo3sV7z7ZsaWbZNDLXRJZoRGrjulp60YYtV4wfY8VIKcWidjojlLcWrd8Q=="],

    "@img/sharp-wasm32": ["@img/sharp-wasm32@0.34.5", "", { "dependencies": { "@emnapi/runtime": "^1.7.0" }, "cpu": "none" }, "sha512-OdWTEiVkY2PHwqkbBI8frFxQQFekHaSSkUIJkwzclWZe64O1X4UlUjqqqLaPbUpMOQk6FBu/HtlGXNblIs0huw=="],

    "@img/sharp-win32-arm64": ["@img/sharp-win32-arm64@0.34.5", "", { "os": "win32", "cpu": "arm64" }, "sha512-WQ3AgWCWYSb2yt+IG8mnC6Jdk9Whs7O0gxphblsLvdhSpSTtmu69ZG1Gkb6NuvxsNACwiPV6cNSZNzt0KPsw7g=="],

    "@img/sharp-win32-ia32": ["@img/sharp-win32-ia32@0.34.5", "", { "os": "win32", "cpu": "ia32" }, "sha512-FV9m/7NmeCmSHDD5j4+4pNI8Cp3aW+JvLoXcTUo0IqyjSfAZJ8dIUmijx1qaJsIiU+Hosw6xM5KijAWRJCSgNg=="],

    "@img/sharp-win32-x64": ["@img/sharp-win32-x64@0.34.5", "", { "os": "win32", "cpu": "x64" }, "sha512-+29YMsqY2/9eFEiW93eqWnuLcWcufowXewwSNIT6UwZdUUCrM3oFjMWH/Z6/TMmb4hlFenmfAVbpWeup2jryCw=="],

    "@jridgewell/gen-mapping": ["@jridgewell/gen-mapping@0.3.13", "", { "dependencies": { "@jridgewell/sourcemap-codec": "^1.5.0", "@jridgewell/trace-mapping": "^0.3.24" } }, "sha512-2kkt/7niJ6MgEPxF0bYdQ6etZaA+fQvDcLKckhy1yIQOzaoKjBBjSj63/aLVjYE3qhRt5dvM+uUyfCg6UKCBbA=="],

    "@jridgewell/remapping": ["@jridgewell/remapping@2.3.5", "", { "dependencies": { "@jridgewell/gen-mapping": "^0.3.5", "@jridgewell/trace-mapping": "^0.3.24" } }, "sha512-LI9u/+laYG4Ds1TDKSJW2YPrIlcVYOwi2fUC6xB43lueCjgxV4lffOCZCtYFiH6TNOX+tQKXx97T4IKHbhyHEQ=="],

    "@jridgewell/resolve-uri": ["@jridgewell/resolve-uri@3.1.2", "", {}, "sha512-bRISgCIjP20/tbWSPWMEi54QVPRZExkuD9lJL+UIxUKtwVJA8wW1Trb1jMs1RFXo1CBTNZ/5hpC9QvmKWdopKw=="],

    "@jridgewell/sourcemap-codec": ["@jridgewell/sourcemap-codec@1.5.5", "", {}, "sha512-cYQ9310grqxueWbl+WuIUIaiUaDcj7WOq5fVhEljNVgRfOUhY9fy2zTvfoqWsnebh8Sl70VScFbICvJnLKB0Og=="],

    "@jridgewell/trace-mapping": ["@jridgewell/trace-mapping@0.3.31", "", { "dependencies": { "@jridgewell/resolve-uri": "^3.1.0", "@jridgewell/sourcemap-codec": "^1.4.14" } }, "sha512-zzNR+SdQSDJzc8joaeP8QQoCQr8NuYx2dIIytl1QeBEZHJ9uW6hebsrYgbz8hJwUQao3TWCMtmfV8Nu1twOLAw=="],

    "@next/env": ["@next/env@15.5.15", "", {}, "sha512-vcmyu5/MyFzN7CdqRHO3uHO44p/QPCZkuTUXroeUmhNP8bL5PHFEhik22JUazt+CDDoD6EpBYRCaS2pISL+/hg=="],

    "@next/swc-darwin-arm64": ["@next/swc-darwin-arm64@15.5.15", "", { "os": "darwin", "cpu": "arm64" }, "sha512-6PvFO2Tzt10GFK2Ro9tAVEtacMqRmTarYMFKAnV2vYMdwWc73xzmDQyAV7SwEdMhzmiRoo7+m88DuiXlJlGeaw=="],

    "@next/swc-darwin-x64": ["@next/swc-darwin-x64@15.5.15", "", { "os": "darwin", "cpu": "x64" }, "sha512-G+YNV+z6FDZTp/+IdGyIMFqalBTaQSnvAA+X/hrt+eaTRFSznRMz9K7rTmzvM6tDmKegNtyzgufZW0HwVzEqaQ=="],

    "@next/swc-linux-arm64-gnu": ["@next/swc-linux-arm64-gnu@15.5.15", "", { "os": "linux", "cpu": "arm64" }, "sha512-eVkrMcVIBqGfXB+QUC7jjZ94Z6uX/dNStbQFabewAnk13Uy18Igd1YZ/GtPRzdhtm7QwC0e6o7zOQecul4iC1w=="],

    "@next/swc-linux-arm64-musl": ["@next/swc-linux-arm64-musl@15.5.15", "", { "os": "linux", "cpu": "arm64" }, "sha512-RwSHKMQ7InLy5GfkY2/n5PcFycKA08qI1VST78n09nN36nUPqCvGSMiLXlfUmzmpQpF6XeBYP2KRWHi0UW3uNg=="],

    "@next/swc-linux-x64-gnu": ["@next/swc-linux-x64-gnu@15.5.15", "", { "os": "linux", "cpu": "x64" }, "sha512-nplqvY86LakS+eeiuWsNWvfmK8pFcOEW7ZtVRt4QH70lL+0x6LG/m1OpJ/tvrbwjmR8HH9/fH2jzW1GlL03TIg=="],

    "@next/swc-linux-x64-musl": ["@next/swc-linux-x64-musl@15.5.15", "", { "os": "linux", "cpu": "x64" }, "sha512-eAgl9NKQ84/sww0v81DQINl/vL2IBxD7sMybd0cWRw6wqgouVI53brVRBrggqBRP/NWeIAE1dm5cbKYoiMlqDQ=="],

    "@next/swc-win32-arm64-msvc": ["@next/swc-win32-arm64-msvc@15.5.15", "", { "os": "win32", "cpu": "arm64" }, "sha512-GJVZC86lzSquh0MtvZT+L7G8+jMnJcldloOjA8Kf3wXvBrvb6OGe2MzPuALxFshSm/IpwUtD2mIoof39ymf52A=="],

    "@next/swc-win32-x64-msvc": ["@next/swc-win32-x64-msvc@15.5.15", "", { "os": "win32", "cpu": "x64" }, "sha512-nFucjVdwlFqxh/JG3hWSJ4p8+YJV7Ii8aPDuBQULB6DzUF4UNZETXLfEUk+oI2zEznWWULPt7MeuTE6xtK1HSA=="],

    "@noble/ciphers": ["@noble/ciphers@2.2.0", "", {}, "sha512-Z6pjIZ/8IJcCGzb2S/0Px5J81yij85xASuk1teLNeg75bfT07MV3a/O2Mtn1I2se43k3lkVEcFaR10N4cgQcZA=="],

    "@noble/hashes": ["@noble/hashes@2.2.0", "", {}, "sha512-IYqDGiTXab6FniAgnSdZwgWbomxpy9FtYvLKs7wCUs2a8RkITG+DFGO1DM9cr+E3/RgADRpFjrKVaJ1z6sjtEg=="],

    "@opentelemetry/semantic-conventions": ["@opentelemetry/semantic-conventions@1.40.0", "", {}, "sha512-cifvXDhcqMwwTlTK04GBNeIe7yyo28Mfby85QXFe1Yk8nmi36Ab/5UQwptOx84SsoGNRg+EVSjwzfSZMy6pmlw=="],

    "@standard-schema/spec": ["@standard-schema/spec@1.1.0", "", {}, "sha512-l2aFy5jALhniG5HgqrD6jXLi/rUWrKvqN/qJx6yoJsgKhblVd+iqqU4RCXavm/jPityDo5TCvKMnpjKnOriy0w=="],

    "@swc/helpers": ["@swc/helpers@0.5.15", "", { "dependencies": { "tslib": "^2.8.0" } }, "sha512-JQ5TuMi45Owi4/BIMAJBoSQoOJu12oOk/gADqlcUL9JEdHB8vyjUSsxqeNXnmXHjYKMi2WcYtezGEEhqUI/E2g=="],

    "@tailwindcss/node": ["@tailwindcss/node@4.2.4", "", { "dependencies": { "@jridgewell/remapping": "^2.3.5", "enhanced-resolve": "^5.19.0", "jiti": "^2.6.1", "lightningcss": "1.32.0", "magic-string": "^0.30.21", "source-map-js": "^1.2.1", "tailwindcss": "4.2.4" } }, "sha512-Ai7+yQPxz3ddrDQzFfBKdHEVBg0w3Zl83jnjuwxnZOsnH9pGn93QHQtpU0p/8rYWxvbFZHneni6p1BSLK4DkGA=="],

    "@tailwindcss/oxide": ["@tailwindcss/oxide@4.2.4", "", { "optionalDependencies": { "@tailwindcss/oxide-android-arm64": "4.2.4", "@tailwindcss/oxide-darwin-arm64": "4.2.4", "@tailwindcss/oxide-darwin-x64": "4.2.4", "@tailwindcss/oxide-freebsd-x64": "4.2.4", "@tailwindcss/oxide-linux-arm-gnueabihf": "4.2.4", "@tailwindcss/oxide-linux-arm64-gnu": "4.2.4", "@tailwindcss/oxide-linux-arm64-musl": "4.2.4", "@tailwindcss/oxide-linux-x64-gnu": "4.2.4", "@tailwindcss/oxide-linux-x64-musl": "4.2.4", "@tailwindcss/oxide-wasm32-wasi": "4.2.4", "@tailwindcss/oxide-win32-arm64-msvc": "4.2.4", "@tailwindcss/oxide-win32-x64-msvc": "4.2.4" } }, "sha512-9El/iI069DKDSXwTvB9J4BwdO5JhRrOweGaK25taBAvBXyXqJAX+Jqdvs8r8gKpsI/1m0LeJLyQYTf/WLrBT1Q=="],

    "@tailwindcss/oxide-android-arm64": ["@tailwindcss/oxide-android-arm64@4.2.4", "", { "os": "android", "cpu": "arm64" }, "sha512-e7MOr1SAn9U8KlZzPi1ZXGZHeC5anY36qjNwmZv9pOJ8E4Q6jmD1vyEHkQFmNOIN7twGPEMXRHmitN4zCMN03g=="],

    "@tailwindcss/oxide-darwin-arm64": ["@tailwindcss/oxide-darwin-arm64@4.2.4", "", { "os": "darwin", "cpu": "arm64" }, "sha512-tSC/Kbqpz/5/o/C2sG7QvOxAKqyd10bq+ypZNf+9Fi2TvbVbv1zNpcEptcsU7DPROaSbVgUXmrzKhurFvo5eDg=="],

    "@tailwindcss/oxide-darwin-x64": ["@tailwindcss/oxide-darwin-x64@4.2.4", "", { "os": "darwin", "cpu": "x64" }, "sha512-yPyUXn3yO/ufR6+Kzv0t4fCg2qNr90jxXc5QqBpjlPNd0NqyDXcmQb/6weunH/MEDXW5dhyEi+agTDiqa3WsGg=="],

    "@tailwindcss/oxide-freebsd-x64": ["@tailwindcss/oxide-freebsd-x64@4.2.4", "", { "os": "freebsd", "cpu": "x64" }, "sha512-BoMIB4vMQtZsXdGLVc2z+P9DbETkiopogfWZKbWwM8b/1Vinbs4YcUwo+kM/KeLkX3Ygrf4/PsRndKaYhS8Eiw=="],

    "@tailwindcss/oxide-linux-arm-gnueabihf": ["@tailwindcss/oxide-linux-arm-gnueabihf@4.2.4", "", { "os": "linux", "cpu": "arm" }, "sha512-7pIHBLTHYRAlS7V22JNuTh33yLH4VElwKtB3bwchK/UaKUPpQ0lPQiOWcbm4V3WP2I6fNIJ23vABIvoy2izdwA=="],

    "@tailwindcss/oxide-linux-arm64-gnu": ["@tailwindcss/oxide-linux-arm64-gnu@4.2.4", "", { "os": "linux", "cpu": "arm64" }, "sha512-+E4wxJ0ZGOzSH325reXTWB48l42i93kQqMvDyz5gqfRzRZ7faNhnmvlV4EPGJU3QJM/3Ab5jhJ5pCRUsKn6OQw=="],

    "@tailwindcss/oxide-linux-arm64-musl": ["@tailwindcss/oxide-linux-arm64-musl@4.2.4", "", { "os": "linux", "cpu": "arm64" }, "sha512-bBADEGAbo4ASnppIziaQJelekCxdMaxisrk+fB7Thit72IBnALp9K6ffA2G4ruj90G9XRS2VQ6q2bCKbfFV82g=="],

    "@tailwindcss/oxide-linux-x64-gnu": ["@tailwindcss/oxide-linux-x64-gnu@4.2.4", "", { "os": "linux", "cpu": "x64" }, "sha512-7Mx25E4WTfnht0TVRTyC00j3i0M+EeFe7wguMDTlX4mRxafznw0CA8WJkFjWYH5BlgELd1kSjuU2JiPnNZbJDA=="],

    "@tailwindcss/oxide-linux-x64-musl": ["@tailwindcss/oxide-linux-x64-musl@4.2.4", "", { "os": "linux", "cpu": "x64" }, "sha512-2wwJRF7nyhOR0hhHoChc04xngV3iS+akccHTGtz965FwF0up4b2lOdo6kI1EbDaEXKgvcrFBYcYQQ/rrnWFVfA=="],

    "@tailwindcss/oxide-wasm32-wasi": ["@tailwindcss/oxide-wasm32-wasi@4.2.4", "", { "cpu": "none" }, "sha512-FQsqApeor8Fo6gUEklzmaa9994orJZZDBAlQpK2Mq+DslRKFJeD6AjHpBQ0kZFQohVr8o85PPh8eOy86VlSCmw=="],

    "@tailwindcss/oxide-win32-arm64-msvc": ["@tailwindcss/oxide-win32-arm64-msvc@4.2.4", "", { "os": "win32", "cpu": "arm64" }, "sha512-L9BXqxC4ToVgwMFqj3pmZRqyHEztulpUJzCxUtLjobMCzTPsGt1Fa9enKbOpY2iIyVtaHNeNvAK8ERP/64sqGQ=="],

    "@tailwindcss/oxide-win32-x64-msvc": ["@tailwindcss/oxide-win32-x64-msvc@4.2.4", "", { "os": "win32", "cpu": "x64" }, "sha512-ESlKG0EpVJQwRjXDDa9rLvhEAh0mhP1sF7sap9dNZT0yyl9SAG6T7gdP09EH0vIv0UNTlo6jPWyujD6559fZvw=="],

    "@tailwindcss/postcss": ["@tailwindcss/postcss@4.2.4", "", { "dependencies": { "@alloc/quick-lru": "^5.2.0", "@tailwindcss/node": "4.2.4", "@tailwindcss/oxide": "4.2.4", "postcss": "^8.5.6", "tailwindcss": "4.2.4" } }, "sha512-wgAVj6nUWAolAu8YFvzT2cTBIElWHkjZwFYovF+xsqKsW2ADxM/X2opxj5NsF/qVccAOjRNe8X2IdPzMsWyHTg=="],

    "@tiptap/core": ["@tiptap/core@3.22.5", "", { "peerDependencies": { "@tiptap/pm": "3.22.5" } }, "sha512-L1lhWz6ujGny8LduTJ7MBWYhzigwOvfUJUrJ7IzOJSuy3+OAzisdGDD1GV7LEO/hU0Hr2Mkm1wajRIHExvS9HQ=="],

    "@tiptap/extension-blockquote": ["@tiptap/extension-blockquote@3.22.5", "", { "peerDependencies": { "@tiptap/core": "3.22.5" } }, "sha512-ajyP5W8fG5Hrru47T/eF3xMKOpNvWofgNJqBTeNuGl02sYxsy9a4EunyFxudsaZP9WW3VOD4SaIWr5+MqpbnOQ=="],

    "@tiptap/extension-bold": ["@tiptap/extension-bold@3.22.5", "", { "peerDependencies": { "@tiptap/core": "3.22.5" } }, "sha512-l/uDtpJISiFFyfctvnODNWBN/XPZI1jVZRacTRDDnSn8+x6KQ7G2qgFYueU7KvVJGDFVT39Iio56mcFRG/Pozg=="],

    "@tiptap/extension-bubble-menu": ["@tiptap/extension-bubble-menu@3.22.5", "", { "dependencies": { "@floating-ui/dom": "^1.0.0" }, "peerDependencies": { "@tiptap/core": "3.22.5", "@tiptap/pm": "3.22.5" } }, "sha512-yrNlFQQJY5MmhBpmD8tnmaSmyUQrEvgyPKa3bzVeWEhDSG1CW4A0ZSMx3hrA9yFO0HWfw3IJmvSCycEZQBalpQ=="],

    "@tiptap/extension-bullet-list": ["@tiptap/extension-bullet-list@3.22.5", "", { "peerDependencies": { "@tiptap/extension-list": "3.22.5" } }, "sha512-cf54fG9AybU8NgPMv1TOcoqAkELeRc/VpnSCt/rIJZphWQx9nsFmrtkrlCatrIcCaGtNZYwlHlMnC5LVVMu0uA=="],

    "@tiptap/extension-code": ["@tiptap/extension-code@3.22.5", "", { "peerDependencies": { "@tiptap/core": "3.22.5" } }, "sha512-mwDNOJC9rYbDu/JcqrN4dbUQRklJU8Fuk2raxD/IvFw9qUIcPCmxQ2XT9UTKmZz/Ju7Kdy72fss6XpgWv6gLAQ=="],

    "@tiptap/extension-code-block": ["@tiptap/extension-code-block@3.22.5", "", { "peerDependencies": { "@tiptap/core": "3.22.5", "@tiptap/pm": "3.22.5" } }, "sha512-d123kCfLdJTi4fue1m0+TNFztDkmIRSZGZmGu6H9KqwG5Q7IzjT9o8lzRsz+pXxYqHvqgYmXoEpM6srbzXx/Ag=="],

    "@tiptap/extension-document": ["@tiptap/extension-document@3.22.5", "", { "peerDependencies": { "@tiptap/core": "3.22.5" } }, "sha512-8NJERd+pCtvSuEP4C4WMGYmRRCV12ePZL7bC+QUdFlbdXg+kNZS0zZ7hh879tYA0Kidbi8rWWD1Tx+H2ezkmMw=="],

    "@tiptap/extension-dropcursor": ["@tiptap/extension-dropcursor@3.22.5", "", { "peerDependencies": { "@tiptap/extensions": "3.22.5" } }, "sha512-Mp40DaFrY3sEUVtFqmxrR0BmU4G3k8GCYYNGqNa9OqWv7BrcFDC03V2n3okESDKt4MKkzhQQmypq+ouLy8dLfA=="],

    "@tiptap/extension-floating-menu": ["@tiptap/extension-floating-menu@3.22.5", "", { "peerDependencies": { "@floating-ui/dom": "^1.0.0", "@tiptap/core": "3.22.5", "@tiptap/pm": "3.22.5" } }, "sha512-dhem4sTPhyQgQ+pFp2Oud4k4FSQz9PVMgeQAC9288SmGwxBkJNveDAw6sKTMrumqDvwkJrtslXIupq9TZYQnzg=="],

    "@tiptap/extension-gapcursor": ["@tiptap/extension-gapcursor@3.22.5", "", { "peerDependencies": { "@tiptap/extensions": "3.22.5" } }, "sha512-4WkMu7qqjbsm8hCQS+8X+la1wjriN0SKoRdvpfKH33qM50MB34tYJuGLAO+y7TTh4MMMco3AZCKPBL5JVMqNIg=="],

    "@tiptap/extension-hard-break": ["@tiptap/extension-hard-break@3.22.5", "", { "peerDependencies": { "@tiptap/core": "3.22.5" } }, "sha512-n0R2mUVYZU2AVbJhg/WcY9+zx690wVwvsItHJf0DrYbf1tCYHx+PRHUt/AoXk6u8BSmnkb8/FDziS8m3mjfpSg=="],

    "@tiptap/extension-heading": ["@tiptap/extension-heading@3.22.5", "", { "peerDependencies": { "@tiptap/core": "3.22.5" } }, "sha512-hjyEG4947PAhMBfP1G6B0QAh6+y9mp2C5BQmNjprA05/lQzDAT7KFZzNh8ZVp3ol6aICKq/N1gFOW9Dc/9FUOw=="],

    "@tiptap/extension-horizontal-rule": ["@tiptap/extension-horizontal-rule@3.22.5", "", { "peerDependencies": { "@tiptap/core": "3.22.5", "@tiptap/pm": "3.22.5" } }, "sha512-vUV0/ugIbXOc8SJib0h8UMhgcqZXWu/dkEhlswZN4VVven1o5enkfxEiDw+OyIJHi5rUkrdhsQ/KTxG/Xb7X8A=="],

    "@tiptap/extension-italic": ["@tiptap/extension-italic@3.22.5", "", { "peerDependencies": { "@tiptap/core": "3.22.5" } }, "sha512-4T8baSiLkeIymTgEwirxDFt5YgYofkP3m1+MGYdGy2HKcOK+1vpvlPhEO1X5qtZngtJW5S4+njKjinRg52A4PA=="],

    "@tiptap/extension-link": ["@tiptap/extension-link@3.22.5", "", { "dependencies": { "linkifyjs": "^4.3.2" }, "peerDependencies": { "@tiptap/core": "3.22.5", "@tiptap/pm": "3.22.5" } }, "sha512-d671MvF3GPKoS2OVxjIlQ7hIE7MS3hREdR+d4cvnnoiLLD+ZJ6KgDnxmWqF0a1s4qxLWK2KxKRSOIfYGE31QWQ=="],

    "@tiptap/extension-list": ["@tiptap/extension-list@3.22.5", "", { "peerDependencies": { "@tiptap/core": "3.22.5", "@tiptap/pm": "3.22.5" } }, "sha512-cVO3ZHCgxAWZ4zrFSs81FO2nyCk1wb2EHkpLpW98FzbJLkN9rDkazhW99P3HRWy/CvUldOT+8ecI1YrQtBojMg=="],

    "@tiptap/extension-list-item": ["@tiptap/extension-list-item@3.22.5", "", { "peerDependencies": { "@tiptap/extension-list": "3.22.5" } }, "sha512-W7uTmyKLhlsvuTPLv+8WwnsY+mlikBFIoLSvVcBaFt4MwpsZ+DeB6KQg02Y7tbtaAnG7rXu9Fvw2QORh2P728A=="],

    "@tiptap/extension-list-keymap": ["@tiptap/extension-list-keymap@3.22.5", "", { "peerDependencies": { "@tiptap/extension-list": "3.22.5" } }, "sha512-cGUnxJ0y515e1bVHNjUmbx7oWHoEon59w6BA5N2KwV9iW2mZZchlTX4yxJSOX+ixeVRChsa7YwC3Z1jUZ6AMEg=="],

    "@tiptap/extension-ordered-list": ["@tiptap/extension-ordered-list@3.22.5", "", { "peerDependencies": { "@tiptap/extension-list": "3.22.5" } }, "sha512-OXdh4k4CNrukwiSdWdEQ49uvgnqvR0Z9aNSP4HI5/kZQ/Te1NtRtYCpUrzWyO/7CtjcCisXHti0o9C/TV8YMbQ=="],

    "@tiptap/extension-paragraph": ["@tiptap/extension-paragraph@3.22.5", "", { "peerDependencies": { "@tiptap/core": "3.22.5" } }, "sha512-52KCto4+XKpnBWpIufspWLyq4UWxAWC72ANPdGuIhbi72NRTabiTbTVN40uwGSPkyakeESG0/vKdWJCVvB4f0g=="],

    "@tiptap/extension-placeholder": ["@tiptap/extension-placeholder@3.22.5", "", { "peerDependencies": { "@tiptap/extensions": "3.22.5" } }, "sha512-MZAohQ3FCS763BkhGXgaWRya6WruZjwRwEAkXP8vkxbERzl2OJRjniS4uXCWzAlRb3ttE103SnY7LMdM8FvsXw=="],

    "@tiptap/extension-strike": ["@tiptap/extension-strike@3.22.5", "", { "peerDependencies": { "@tiptap/core": "3.22.5" } }, "sha512-42WrrFK5gOom/0znH85x12Mw5IQ/6O6DWdyUWoRIrNA/qJpuHtU8oVU+bIgU2tuomMGHruRjIzgBQv5sBjEtww=="],

    "@tiptap/extension-text": ["@tiptap/extension-text@3.22.5", "", { "peerDependencies": { "@tiptap/core": "3.22.5" } }, "sha512-bzpDOdAEo1JeoVZDIyV0oY0jGXkEG+AzF70SzHoRSjOvFDtKWunyXf9eO1OnOr2/fmMcckT2qwUBNBMQplWBzw=="],

    "@tiptap/extension-underline": ["@tiptap/extension-underline@3.22.5", "", { "peerDependencies": { "@tiptap/core": "3.22.5" } }, "sha512-9ut09rJD0iEbS6sk7yd2j6IwuFDLTNmDEGTDLodvqAfi+bq7ddsTDv0YviXoZaA9sdHAdTEVr2ITy2m6WK5jpA=="],

    "@tiptap/extensions": ["@tiptap/extensions@3.22.5", "", { "peerDependencies": { "@tiptap/core": "3.22.5", "@tiptap/pm": "3.22.5" } }, "sha512-Ifg4MzKCj3uRqe3ieTwYnomu2y4p7EXr2avVSKZYfh12i2dyWe2Gkn1KuZDREANVE+gHqFlQjJRYzhJFwzSCrg=="],

    "@tiptap/pm": ["@tiptap/pm@3.22.5", "", { "dependencies": { "prosemirror-changeset": "^2.3.0", "prosemirror-commands": "^1.6.2", "prosemirror-dropcursor": "^1.8.1", "prosemirror-gapcursor": "^1.3.2", "prosemirror-history": "^1.4.1", "prosemirror-keymap": "^1.2.2", "prosemirror-model": "^1.24.1", "prosemirror-schema-list": "^1.5.0", "prosemirror-state": "^1.4.3", "prosemirror-tables": "^1.6.4", "prosemirror-transform": "^1.10.2", "prosemirror-view": "^1.38.1" } }, "sha512-Cr9Mv4igxvI2tKMiahw48sZxva3PfDzypErH8IB82N+9qa9n9ygVMt0BOaDg53hLKxEEVeYr2S/wCcJIVFgBTw=="],

    "@tiptap/react": ["@tiptap/react@3.22.5", "", { "dependencies": { "@types/use-sync-external-store": "^0.0.6", "fast-equals": "^5.3.3", "use-sync-external-store": "^1.4.0" }, "optionalDependencies": { "@tiptap/extension-bubble-menu": "^3.22.5", "@tiptap/extension-floating-menu": "^3.22.5" }, "peerDependencies": { "@tiptap/core": "3.22.5", "@tiptap/pm": "3.22.5", "@types/react": "^17.0.0 || ^18.0.0 || ^19.0.0", "@types/react-dom": "^17.0.0 || ^18.0.0 || ^19.0.0", "react": "^17.0.0 || ^18.0.0 || ^19.0.0", "react-dom": "^17.0.0 || ^18.0.0 || ^19.0.0" } }, "sha512-36WHEs+vPmB//V1ff7Ujcnpz7Ey5g8lhpI/0+hoanSbdiPMTQ7qZVWwMovIkMKDlqWVp2fxBgeYM1861jyFzTw=="],

    "@tiptap/starter-kit": ["@tiptap/starter-kit@3.22.5", "", { "dependencies": { "@tiptap/core": "^3.22.5", "@tiptap/extension-blockquote": "^3.22.5", "@tiptap/extension-bold": "^3.22.5", "@tiptap/extension-bullet-list": "^3.22.5", "@tiptap/extension-code": "^3.22.5", "@tiptap/extension-code-block": "^3.22.5", "@tiptap/extension-document": "^3.22.5", "@tiptap/extension-dropcursor": "^3.22.5", "@tiptap/extension-gapcursor": "^3.22.5", "@tiptap/extension-hard-break": "^3.22.5", "@tiptap/extension-heading": "^3.22.5", "@tiptap/extension-horizontal-rule": "^3.22.5", "@tiptap/extension-italic": "^3.22.5", "@tiptap/extension-link": "^3.22.5", "@tiptap/extension-list": "^3.22.5", "@tiptap/extension-list-item": "^3.22.5", "@tiptap/extension-list-keymap": "^3.22.5", "@tiptap/extension-ordered-list": "^3.22.5", "@tiptap/extension-paragraph": "^3.22.5", "@tiptap/extension-strike": "^3.22.5", "@tiptap/extension-text": "^3.22.5", "@tiptap/extension-underline": "^3.22.5", "@tiptap/extensions": "^3.22.5", "@tiptap/pm": "^3.22.5" } }, "sha512-LZ/LYbwH6rnDi5DnRyagkuNsYAVyhM+yJvvz+ZuYA0JkPiTXJV86J5PWSKew8M0gVfMHcNVtKjfQCvViFCeIgw=="],

    "@types/node": ["@types/node@22.19.17", "", { "dependencies": { "undici-types": "~6.21.0" } }, "sha512-wGdMcf+vPYM6jikpS/qhg6WiqSV/OhG+jeeHT/KlVqxYfD40iYJf9/AE1uQxVWFvU7MipKRkRv8NSHiCGgPr8Q=="],

    "@types/react": ["@types/react@19.2.14", "", { "dependencies": { "csstype": "^3.2.2" } }, "sha512-ilcTH/UniCkMdtexkoCN0bI7pMcJDvmQFPvuPvmEaYA/NSfFTAgdUSLAoVjaRJm7+6PvcM+q1zYOwS4wTYMF9w=="],

    "@types/react-dom": ["@types/react-dom@19.2.3", "", { "peerDependencies": { "@types/react": "^19.2.0" } }, "sha512-jp2L/eY6fn+KgVVQAOqYItbF0VY/YApe5Mz2F0aykSO8gx31bYCZyvSeYxCHKvzHG5eZjc+zyaS5BrBWya2+kQ=="],

    "@types/use-sync-external-store": ["@types/use-sync-external-store@0.0.6", "", {}, "sha512-zFDAD+tlpf2r4asuHEj0XH6pY6i0g5NeAHPn+15wk3BV6JA69eERFXC1gyGThDkVa1zCyKr5jox1+2LbV/AMLg=="],

    "better-auth": ["better-auth@1.6.9", "", { "dependencies": { "@better-auth/core": "1.6.9", "@better-auth/drizzle-adapter": "1.6.9", "@better-auth/kysely-adapter": "1.6.9", "@better-auth/memory-adapter": "1.6.9", "@better-auth/mongo-adapter": "1.6.9", "@better-auth/prisma-adapter": "1.6.9", "@better-auth/telemetry": "1.6.9", "@better-auth/utils": "0.4.0", "@better-fetch/fetch": "1.1.21", "@noble/ciphers": "^2.1.1", "@noble/hashes": "^2.0.1", "better-call": "1.3.5", "defu": "^6.1.4", "jose": "^6.1.3", "kysely": "^0.28.14", "nanostores": "^1.1.1", "zod": "^4.3.6" }, "peerDependencies": { "@lynx-js/react": "*", "@prisma/client": "^5.0.0 || ^6.0.0 || ^7.0.0", "@sveltejs/kit": "^2.0.0", "@tanstack/react-start": "^1.0.0", "@tanstack/solid-start": "^1.0.0", "better-sqlite3": "^12.0.0", "drizzle-kit": ">=0.31.4", "drizzle-orm": "^0.45.2", "mongodb": "^6.0.0 || ^7.0.0", "mysql2": "^3.0.0", "next": "^14.0.0 || ^15.0.0 || ^16.0.0", "pg": "^8.0.0", "prisma": "^5.0.0 || ^6.0.0 || ^7.0.0", "react": "^18.0.0 || ^19.0.0", "react-dom": "^18.0.0 || ^19.0.0", "solid-js": "^1.0.0", "svelte": "^4.0.0 || ^5.0.0", "vitest": "^2.0.0 || ^3.0.0 || ^4.0.0", "vue": "^3.0.0" }, "optionalPeers": ["@lynx-js/react", "@prisma/client", "@sveltejs/kit", "@tanstack/react-start", "@tanstack/solid-start", "better-sqlite3", "drizzle-kit", "drizzle-orm", "mongodb", "mysql2", "next", "pg", "prisma", "react", "react-dom", "solid-js", "svelte", "vitest", "vue"] }, "sha512-EBFURtglyiEZxbx4NJBoqUD8J65dX24yC+6I9AUbIXNgUkt76mshzGbHkxZ3n/lB7Dwq3kBC+hHt0hUQsnL7HA=="],

    "better-call": ["better-call@1.3.5", "", { "dependencies": { "@better-auth/utils": "^0.4.0", "@better-fetch/fetch": "^1.1.21", "rou3": "^0.7.12", "set-cookie-parser": "^3.0.1" }, "peerDependencies": { "zod": "^4.0.0" }, "optionalPeers": ["zod"] }, "sha512-kOFJkBP7utAQLEYrobZm3vkTH8mXq5GNgvjc5/XEST1ilVHaxXUXfeDeFlqoETMtyqS4+3/h4ONX2i++ebZrvA=="],

    "caniuse-lite": ["caniuse-lite@1.0.30001791", "", {}, "sha512-yk0l/YSrOnFZk3UROpDLQD9+kC1l4meK/wed583AXrzoarMGJcbRi2Q4RaUYbKxYAsZ8sWmaSa/DsLmdBeI1vQ=="],

    "client-only": ["client-only@0.0.1", "", {}, "sha512-IV3Ou0jSMzZrd3pZ48nLkT9DA7Ag1pnPzaiQhpW7c3RbcqqzvzzVu+L8gfqMp/8IM2MQtSiqaCxrrcfu8I8rMA=="],

    "clsx": ["clsx@2.1.1", "", {}, "sha512-eYm0QWBtUrBWZWG0d386OGAw16Z995PiOVo2B7bjWSbHedGl5e0ZWaq65kOGgUSNesEIDkB9ISbTg/JK9dhCZA=="],

    "csstype": ["csstype@3.2.3", "", {}, "sha512-z1HGKcYy2xA8AGQfwrn0PAy+PB7X/GSj3UVJW9qKyn43xWa+gl5nXmU4qqLMRzWVLFC8KusUX8T/0kCiOYpAIQ=="],

    "defu": ["defu@6.1.7", "", {}, "sha512-7z22QmUWiQ/2d0KkdYmANbRUVABpZ9SNYyH5vx6PZ+nE5bcC0l7uFvEfHlyld/HcGBFTL536ClDt3DEcSlEJAQ=="],

    "detect-libc": ["detect-libc@2.1.2", "", {}, "sha512-Btj2BOOO83o3WyH59e8MgXsxEQVcarkUOpEYrubB0urwnN10yQ364rsiByU11nZlqWYZm05i/of7io4mzihBtQ=="],

    "enhanced-resolve": ["enhanced-resolve@5.21.0", "", { "dependencies": { "graceful-fs": "^4.2.4", "tapable": "^2.3.3" } }, "sha512-otxSQPw4lkOZWkHpB3zaEQs6gWYEsmX4xQF68ElXC/TWvGxGMSGOvoNbaLXm6/cS/fSfHtsEdw90y20PCd+sCA=="],

    "fast-equals": ["fast-equals@5.4.0", "", {}, "sha512-jt2DW/aNFNwke7AUd+Z+e6pz39KO5rzdbbFCg2sGafS4mk13MI7Z8O5z9cADNn5lhGODIgLwug6TZO2ctf7kcw=="],

    "fsevents": ["fsevents@2.3.2", "", { "os": "darwin" }, "sha512-xiqMQR4xAeHTuB9uWm+fFRcIOgKBMiOBP+eXiyT7jsgVCq1bkVygt00oASowB7EdtpOHaaPgKt812P9ab+DDKA=="],

    "graceful-fs": ["graceful-fs@4.2.11", "", {}, "sha512-RbJ5/jmFcNNCcDV5o9eTnBLJ/HszWV0P73bc+Ff4nS/rJj+YaS6IGyiOL0VoBYX+l1Wrl3k63h/KrH+nhJ0XvQ=="],

    "jiti": ["jiti@2.6.1", "", { "bin": "lib/jiti-cli.mjs" }, "sha512-ekilCSN1jwRvIbgeg/57YFh8qQDNbwDb9xT/qu2DAHbFFZUicIl4ygVaAvzveMhMVr3LnpSKTNnwt8PoOfmKhQ=="],

    "jose": ["jose@6.2.3", "", {}, "sha512-YYVDInQKFJfR/xa3ojUTl8c2KoTwiL1R5Wg9YCydwH0x0B9grbzlg5HC7mMjCtUJjbQ/YnGEZIhI5tCgfTb4Hw=="],

    "kysely": ["kysely@0.28.16", "", {}, "sha512-3i5pmOiZvMDj00qhrIVbH0AnioVTx22DMP7Vn5At4yJO46iy+FM8Y/g61ltenLVSo3fiO8h8Q3QOFgf/gQ72ww=="],

    "lightningcss": ["lightningcss@1.32.0", "", { "dependencies": { "detect-libc": "^2.0.3" }, "optionalDependencies": { "lightningcss-android-arm64": "1.32.0", "lightningcss-darwin-arm64": "1.32.0", "lightningcss-darwin-x64": "1.32.0", "lightningcss-freebsd-x64": "1.32.0", "lightningcss-linux-arm-gnueabihf": "1.32.0", "lightningcss-linux-arm64-gnu": "1.32.0", "lightningcss-linux-arm64-musl": "1.32.0", "lightningcss-linux-x64-gnu": "1.32.0", "lightningcss-linux-x64-musl": "1.32.0", "lightningcss-win32-arm64-msvc": "1.32.0", "lightningcss-win32-x64-msvc": "1.32.0" } }, "sha512-NXYBzinNrblfraPGyrbPoD19C1h9lfI/1mzgWYvXUTe414Gz/X1FD2XBZSZM7rRTrMA8JL3OtAaGifrIKhQ5yQ=="],

    "lightningcss-android-arm64": ["lightningcss-android-arm64@1.32.0", "", { "os": "android", "cpu": "arm64" }, "sha512-YK7/ClTt4kAK0vo6w3X+Pnm0D2cf2vPHbhOXdoNti1Ga0al1P4TBZhwjATvjNwLEBCnKvjJc2jQgHXH0NEwlAg=="],

    "lightningcss-darwin-arm64": ["lightningcss-darwin-arm64@1.32.0", "", { "os": "darwin", "cpu": "arm64" }, "sha512-RzeG9Ju5bag2Bv1/lwlVJvBE3q6TtXskdZLLCyfg5pt+HLz9BqlICO7LZM7VHNTTn/5PRhHFBSjk5lc4cmscPQ=="],

    "lightningcss-darwin-x64": ["lightningcss-darwin-x64@1.32.0", "", { "os": "darwin", "cpu": "x64" }, "sha512-U+QsBp2m/s2wqpUYT/6wnlagdZbtZdndSmut/NJqlCcMLTWp5muCrID+K5UJ6jqD2BFshejCYXniPDbNh73V8w=="],

    "lightningcss-freebsd-x64": ["lightningcss-freebsd-x64@1.32.0", "", { "os": "freebsd", "cpu": "x64" }, "sha512-JCTigedEksZk3tHTTthnMdVfGf61Fky8Ji2E4YjUTEQX14xiy/lTzXnu1vwiZe3bYe0q+SpsSH/CTeDXK6WHig=="],

    "lightningcss-linux-arm-gnueabihf": ["lightningcss-linux-arm-gnueabihf@1.32.0", "", { "os": "linux", "cpu": "arm" }, "sha512-x6rnnpRa2GL0zQOkt6rts3YDPzduLpWvwAF6EMhXFVZXD4tPrBkEFqzGowzCsIWsPjqSK+tyNEODUBXeeVHSkw=="],

    "lightningcss-linux-arm64-gnu": ["lightningcss-linux-arm64-gnu@1.32.0", "", { "os": "linux", "cpu": "arm64" }, "sha512-0nnMyoyOLRJXfbMOilaSRcLH3Jw5z9HDNGfT/gwCPgaDjnx0i8w7vBzFLFR1f6CMLKF8gVbebmkUN3fa/kQJpQ=="],

    "lightningcss-linux-arm64-musl": ["lightningcss-linux-arm64-musl@1.32.0", "", { "os": "linux", "cpu": "arm64" }, "sha512-UpQkoenr4UJEzgVIYpI80lDFvRmPVg6oqboNHfoH4CQIfNA+HOrZ7Mo7KZP02dC6LjghPQJeBsvXhJod/wnIBg=="],

    "lightningcss-linux-x64-gnu": ["lightningcss-linux-x64-gnu@1.32.0", "", { "os": "linux", "cpu": "x64" }, "sha512-V7Qr52IhZmdKPVr+Vtw8o+WLsQJYCTd8loIfpDaMRWGUZfBOYEJeyJIkqGIDMZPwPx24pUMfwSxxI8phr/MbOA=="],

    "lightningcss-linux-x64-musl": ["lightningcss-linux-x64-musl@1.32.0", "", { "os": "linux", "cpu": "x64" }, "sha512-bYcLp+Vb0awsiXg/80uCRezCYHNg1/l3mt0gzHnWV9XP1W5sKa5/TCdGWaR/zBM2PeF/HbsQv/j2URNOiVuxWg=="],

    "lightningcss-win32-arm64-msvc": ["lightningcss-win32-arm64-msvc@1.32.0", "", { "os": "win32", "cpu": "arm64" }, "sha512-8SbC8BR40pS6baCM8sbtYDSwEVQd4JlFTOlaD3gWGHfThTcABnNDBda6eTZeqbofalIJhFx0qKzgHJmcPTnGdw=="],

    "lightningcss-win32-x64-msvc": ["lightningcss-win32-x64-msvc@1.32.0", "", { "os": "win32", "cpu": "x64" }, "sha512-Amq9B/SoZYdDi1kFrojnoqPLxYhQ4Wo5XiL8EVJrVsB8ARoC1PWW6VGtT0WKCemjy8aC+louJnjS7U18x3b06Q=="],

    "linkifyjs": ["linkifyjs@4.3.2", "", {}, "sha512-NT1CJtq3hHIreOianA8aSXn6Cw0JzYOuDQbOrSPe7gqFnCpKP++MQe3ODgO3oh2GJFORkAAdqredOa60z63GbA=="],

    "lucide-react": ["lucide-react@1.14.0", "", { "peerDependencies": { "react": "^16.5.1 || ^17.0.0 || ^18.0.0 || ^19.0.0" } }, "sha512-+1mdWcfSJVUsaTIjN9zoezmUhfXo5l0vP7ekBMPo3jcS/aIkxHnXqAPsByszMZx/Y8oQBRJxJx5xg+RH3urzxA=="],

    "magic-string": ["magic-string@0.30.21", "", { "dependencies": { "@jridgewell/sourcemap-codec": "^1.5.5" } }, "sha512-vd2F4YUyEXKGcLHoq+TEyCjxueSeHnFxyyjNp80yg0XV4vUhnDer/lvvlqM/arB5bXQN5K2/3oinyCRyx8T2CQ=="],

    "nanoid": ["nanoid@3.3.11", "", { "bin": "bin/nanoid.cjs" }, "sha512-N8SpfPUnUp1bK+PMYW8qSWdl9U+wwNWI4QKxOYDy9JAro3WMX7p2OeVRF9v+347pnakNevPmiHhNmZ2HbFA76w=="],

    "nanostores": ["nanostores@1.3.0", "", {}, "sha512-XPUa/jz+P1oJvN9VBxw4L9MtdFfaH3DAryqPssqhb2kXjmb9npz0dly6rCsgFWOPr4Yg9mTfM3MDZgZZ+7A3lA=="],

    "next": ["next@15.5.15", "", { "dependencies": { "@next/env": "15.5.15", "@swc/helpers": "0.5.15", "caniuse-lite": "^1.0.30001579", "postcss": "8.4.31", "styled-jsx": "5.1.6" }, "optionalDependencies": { "@next/swc-darwin-arm64": "15.5.15", "@next/swc-darwin-x64": "15.5.15", "@next/swc-linux-arm64-gnu": "15.5.15", "@next/swc-linux-arm64-musl": "15.5.15", "@next/swc-linux-x64-gnu": "15.5.15", "@next/swc-linux-x64-musl": "15.5.15", "@next/swc-win32-arm64-msvc": "15.5.15", "@next/swc-win32-x64-msvc": "15.5.15", "sharp": "^0.34.3" }, "peerDependencies": { "@opentelemetry/api": "^1.1.0", "@playwright/test": "^1.51.1", "babel-plugin-react-compiler": "*", "react": "^18.2.0 || 19.0.0-rc-de68d2f4-20241204 || ^19.0.0", "react-dom": "^18.2.0 || 19.0.0-rc-de68d2f4-20241204 || ^19.0.0", "sass": "^1.3.0" }, "optionalPeers": ["@opentelemetry/api", "@playwright/test", "babel-plugin-react-compiler", "sass"], "bin": "dist/bin/next" }, "sha512-VSqCrJwtLVGwAVE0Sb/yikrQfkwkZW9p+lL/J4+xe+G3ZA+QnWPqgcfH1tDUEuk9y+pthzzVFp4L/U8JerMfMQ=="],

    "orderedmap": ["orderedmap@2.1.1", "", {}, "sha512-TvAWxi0nDe1j/rtMcWcIj94+Ffe6n7zhow33h40SKxmsmozs6dz/e+EajymfoFcHd7sxNn8yHM8839uixMOV6g=="],

    "picocolors": ["picocolors@1.1.1", "", {}, "sha512-xceH2snhtb5M9liqDsmEw56le376mTZkEX/jEb/RxNFyegNul7eNslCXP9FDj/Lcu0X8KEyMceP2ntpaHrDEVA=="],

    "playwright": ["playwright@1.59.1", "", { "dependencies": { "playwright-core": "1.59.1" }, "optionalDependencies": { "fsevents": "2.3.2" }, "bin": { "playwright": "cli.js" } }, "sha512-C8oWjPR3F81yljW9o5OxcWzfh6avkVwDD2VYdwIGqTkl+OGFISgypqzfu7dOe4QNLL2aqcWBmI3PMtLIK233lw=="],

    "playwright-core": ["playwright-core@1.59.1", "", { "bin": { "playwright-core": "cli.js" } }, "sha512-HBV/RJg81z5BiiZ9yPzIiClYV/QMsDCKUyogwH9p3MCP6IYjUFu/MActgYAvK0oWyV9NlwM3GLBjADyWgydVyg=="],

    "postcss": ["postcss@8.5.12", "", { "dependencies": { "nanoid": "^3.3.11", "picocolors": "^1.1.1", "source-map-js": "^1.2.1" } }, "sha512-W62t/Se6rA0Az3DfCL0AqJwXuKwBeYg6nOaIgzP+xZ7N5BFCI7DYi1qs6ygUYT6rvfi6t9k65UMLJC+PHZpDAA=="],

    "prosemirror-changeset": ["prosemirror-changeset@2.4.1", "", { "dependencies": { "prosemirror-transform": "^1.0.0" } }, "sha512-96WBLhOaYhJ+kPhLg3uW359Tz6I/MfcrQfL4EGv4SrcqKEMC1gmoGrXHecPE8eOwTVCJ4IwgfzM8fFad25wNfw=="],

    "prosemirror-commands": ["prosemirror-commands@1.7.1", "", { "dependencies": { "prosemirror-model": "^1.0.0", "prosemirror-state": "^1.0.0", "prosemirror-transform": "^1.10.2" } }, "sha512-rT7qZnQtx5c0/y/KlYaGvtG411S97UaL6gdp6RIZ23DLHanMYLyfGBV5DtSnZdthQql7W+lEVbpSfwtO8T+L2w=="],

    "prosemirror-dropcursor": ["prosemirror-dropcursor@1.8.2", "", { "dependencies": { "prosemirror-state": "^1.0.0", "prosemirror-transform": "^1.1.0", "prosemirror-view": "^1.1.0" } }, "sha512-CCk6Gyx9+Tt2sbYk5NK0nB1ukHi2ryaRgadV/LvyNuO3ena1payM2z6Cg0vO1ebK8cxbzo41ku2DE5Axj1Zuiw=="],

    "prosemirror-gapcursor": ["prosemirror-gapcursor@1.4.1", "", { "dependencies": { "prosemirror-keymap": "^1.0.0", "prosemirror-model": "^1.0.0", "prosemirror-state": "^1.0.0", "prosemirror-view": "^1.0.0" } }, "sha512-pMdYaEnjNMSwl11yjEGtgTmLkR08m/Vl+Jj443167p9eB3HVQKhYCc4gmHVDsLPODfZfjr/MmirsdyZziXbQKw=="],

    "prosemirror-history": ["prosemirror-history@1.5.0", "", { "dependencies": { "prosemirror-state": "^1.2.2", "prosemirror-transform": "^1.0.0", "prosemirror-view": "^1.31.0", "rope-sequence": "^1.3.0" } }, "sha512-zlzTiH01eKA55UAf1MEjtssJeHnGxO0j4K4Dpx+gnmX9n+SHNlDqI2oO1Kv1iPN5B1dm5fsljCfqKF9nFL6HRg=="],

    "prosemirror-keymap": ["prosemirror-keymap@1.2.3", "", { "dependencies": { "prosemirror-state": "^1.0.0", "w3c-keyname": "^2.2.0" } }, "sha512-4HucRlpiLd1IPQQXNqeo81BGtkY8Ai5smHhKW9jjPKRc2wQIxksg7Hl1tTI2IfT2B/LgX6bfYvXxEpJl7aKYKw=="],

    "prosemirror-model": ["prosemirror-model@1.25.4", "", { "dependencies": { "orderedmap": "^2.0.0" } }, "sha512-PIM7E43PBxKce8OQeezAs9j4TP+5yDpZVbuurd1h5phUxEKIu+G2a+EUZzIC5nS1mJktDJWzbqS23n1tsAf5QA=="],

    "prosemirror-schema-list": ["prosemirror-schema-list@1.5.1", "", { "dependencies": { "prosemirror-model": "^1.0.0", "prosemirror-state": "^1.0.0", "prosemirror-transform": "^1.7.3" } }, "sha512-927lFx/uwyQaGwJxLWCZRkjXG0p48KpMj6ueoYiu4JX05GGuGcgzAy62dfiV8eFZftgyBUvLx76RsMe20fJl+Q=="],

    "prosemirror-state": ["prosemirror-state@1.4.4", "", { "dependencies": { "prosemirror-model": "^1.0.0", "prosemirror-transform": "^1.0.0", "prosemirror-view": "^1.27.0" } }, "sha512-6jiYHH2CIGbCfnxdHbXZ12gySFY/fz/ulZE333G6bPqIZ4F+TXo9ifiR86nAHpWnfoNjOb3o5ESi7J8Uz1jXHw=="],

    "prosemirror-tables": ["prosemirror-tables@1.8.5", "", { "dependencies": { "prosemirror-keymap": "^1.2.3", "prosemirror-model": "^1.25.4", "prosemirror-state": "^1.4.4", "prosemirror-transform": "^1.10.5", "prosemirror-view": "^1.41.4" } }, "sha512-V/0cDCsHKHe/tfWkeCmthNUcEp1IVO3p6vwN8XtwE9PZQLAZJigbw3QoraAdfJPir4NKJtNvOB8oYGKRl+t0Dw=="],

    "prosemirror-transform": ["prosemirror-transform@1.12.0", "", { "dependencies": { "prosemirror-model": "^1.21.0" } }, "sha512-GxboyN4AMIsoHNtz5uf2r2Ru551i5hWeCMD6E2Ib4Eogqoub0NflniaBPVQ4MrGE5yZ8JV9tUHg9qcZTTrcN4w=="],

    "prosemirror-view": ["prosemirror-view@1.41.8", "", { "dependencies": { "prosemirror-model": "^1.20.0", "prosemirror-state": "^1.0.0", "prosemirror-transform": "^1.1.0" } }, "sha512-TnKDdohEatgyZNGCDWIdccOHXhYloJwbwU+phw/a23KBvJIR9lWQWW7WHHK3vBdOLDNuF7TaX98GObUZOWkOnA=="],

    "react": ["react@19.2.5", "", {}, "sha512-llUJLzz1zTUBrskt2pwZgLq59AemifIftw4aB7JxOqf1HY2FDaGDxgwpAPVzHU1kdWabH7FauP4i1oEeer2WCA=="],

    "react-dom": ["react-dom@19.2.5", "", { "dependencies": { "scheduler": "^0.27.0" }, "peerDependencies": { "react": "^19.2.5" } }, "sha512-J5bAZz+DXMMwW/wV3xzKke59Af6CHY7G4uYLN1OvBcKEsWOs4pQExj86BBKamxl/Ik5bx9whOrvBlSDfWzgSag=="],

    "rope-sequence": ["rope-sequence@1.3.4", "", {}, "sha512-UT5EDe2cu2E/6O4igUr5PSFs23nvvukicWHx6GnOPlHAiiYbzNuCRQCuiUdHJQcqKalLKlrYJnjY0ySGsXNQXQ=="],

    "rou3": ["rou3@0.7.12", "", {}, "sha512-iFE4hLDuloSWcD7mjdCDhx2bKcIsYbtOTpfH5MHHLSKMOUyjqQXTeZVa289uuwEGEKFoE/BAPbhaU4B774nceg=="],

    "scheduler": ["scheduler@0.27.0", "", {}, "sha512-eNv+WrVbKu1f3vbYJT/xtiF5syA5HPIMtf9IgY/nKg0sWqzAUEvqY/xm7OcZc/qafLx/iO9FgOmeSAp4v5ti/Q=="],

    "semver": ["semver@7.7.4", "", { "bin": "bin/semver.js" }, "sha512-vFKC2IEtQnVhpT78h1Yp8wzwrf8CM+MzKMHGJZfBtzhZNycRFnXsHk6E5TxIkkMsgNS7mdX3AGB7x2QM2di4lA=="],

    "set-cookie-parser": ["set-cookie-parser@3.1.0", "", {}, "sha512-kjnC1DXBHcxaOaOXBHBeRtltsDG2nUiUni+jP92M9gYdW12rsmx92UsfpH7o5tDRs7I1ZZPSQJQGv3UaRfCiuw=="],

    "sharp": ["sharp@0.34.5", "", { "dependencies": { "@img/colour": "^1.0.0", "detect-libc": "^2.1.2", "semver": "^7.7.3" }, "optionalDependencies": { "@img/sharp-darwin-arm64": "0.34.5", "@img/sharp-darwin-x64": "0.34.5", "@img/sharp-libvips-darwin-arm64": "1.2.4", "@img/sharp-libvips-darwin-x64": "1.2.4", "@img/sharp-libvips-linux-arm": "1.2.4", "@img/sharp-libvips-linux-arm64": "1.2.4", "@img/sharp-libvips-linux-ppc64": "1.2.4", "@img/sharp-libvips-linux-riscv64": "1.2.4", "@img/sharp-libvips-linux-s390x": "1.2.4", "@img/sharp-libvips-linux-x64": "1.2.4", "@img/sharp-libvips-linuxmusl-arm64": "1.2.4", "@img/sharp-libvips-linuxmusl-x64": "1.2.4", "@img/sharp-linux-arm": "0.34.5", "@img/sharp-linux-arm64": "0.34.5", "@img/sharp-linux-ppc64": "0.34.5", "@img/sharp-linux-riscv64": "0.34.5", "@img/sharp-linux-s390x": "0.34.5", "@img/sharp-linux-x64": "0.34.5", "@img/sharp-linuxmusl-arm64": "0.34.5", "@img/sharp-linuxmusl-x64": "0.34.5", "@img/sharp-wasm32": "0.34.5", "@img/sharp-win32-arm64": "0.34.5", "@img/sharp-win32-ia32": "0.34.5", "@img/sharp-win32-x64": "0.34.5" } }, "sha512-Ou9I5Ft9WNcCbXrU9cMgPBcCK8LiwLqcbywW3t4oDV37n1pzpuNLsYiAV8eODnjbtQlSDwZ2cUEeQz4E54Hltg=="],

    "source-map-js": ["source-map-js@1.2.1", "", {}, "sha512-UXWMKhLOwVKb728IUtQPXxfYU+usdybtUrK/8uGE8CQMvrhOpwvzDBwj0QhSL7MQc7vIsISBG8VQ8+IDQxpfQA=="],

    "styled-jsx": ["styled-jsx@5.1.6", "", { "dependencies": { "client-only": "0.0.1" }, "peerDependencies": { "react": ">= 16.8.0 || 17.x.x || ^18.0.0-0 || ^19.0.0-0" } }, "sha512-qSVyDTeMotdvQYoHWLNGwRFJHC+i+ZvdBRYosOFgC+Wg1vx4frN2/RG/NA7SYqqvKNLf39P2LSRA2pu6n0XYZA=="],

    "tailwindcss": ["tailwindcss@4.2.4", "", {}, "sha512-HhKppgO81FQof5m6TEnuBWCZGgfRAWbaeOaGT00KOy/Pf/j6oUihdvBpA7ltCeAvZpFhW3j0PTclkxsd4IXYDA=="],

    "tapable": ["tapable@2.3.3", "", {}, "sha512-uxc/zpqFg6x7C8vOE7lh6Lbda8eEL9zmVm/PLeTPBRhh1xCgdWaQ+J1CUieGpIfm2HdtsUpRv+HshiasBMcc6A=="],

    "tslib": ["tslib@2.8.1", "", {}, "sha512-oJFu94HQb+KVduSUQL7wnpmqnfmLsOA/nAh6b6EH0wCEoK0/mPeXU6c3wKDV83MkOuHPRHtSXKKU99IBazS/2w=="],

    "typescript": ["typescript@5.9.3", "", { "bin": { "tsc": "bin/tsc", "tsserver": "bin/tsserver" } }, "sha512-jl1vZzPDinLr9eUt3J/t7V6FgNEw9QjvBPdysz9KfQDD41fQrC2Y4vKQdiaUpFT4bXlb1RHhLpp8wtm6M5TgSw=="],

    "undici-types": ["undici-types@6.21.0", "", {}, "sha512-iwDZqg0QAGrg9Rav5H4n0M64c3mkR59cJ6wQp+7C4nI0gsmExaedaYLNO44eT4AtBBwjbTiGPMlt2Md0T9H9JQ=="],

    "use-sync-external-store": ["use-sync-external-store@1.6.0", "", { "peerDependencies": { "react": "^16.8.0 || ^17.0.0 || ^18.0.0 || ^19.0.0" } }, "sha512-Pp6GSwGP/NrPIrxVFAIkOQeyw8lFenOHijQWkUTrDvrF4ALqylP2C/KCkeS9dpUM3KvYRQhna5vt7IL95+ZQ9w=="],

    "w3c-keyname": ["w3c-keyname@2.2.8", "", {}, "sha512-dpojBhNsCNN7T82Tm7k26A6G9ML3NkhDsnw9n/eoxSRlVBB4CEtIQ/KTCLI2Fwf3ataSXRhYFkQi3SlnFwPvPQ=="],

    "zod": ["zod@4.4.1", "", {}, "sha512-a6ENMBBGZBsnlSebQ/eKCguSBeGKSf4O7BPnqVPmYGtpBYI7VSqoVqw+QcB7kPRjbqPwhYTpFbVj/RqNz/CT0Q=="],

    "next/postcss": ["postcss@8.4.31", "", { "dependencies": { "nanoid": "^3.3.6", "picocolors": "^1.0.0", "source-map-js": "^1.0.2" } }, "sha512-PS08Iboia9mts/2ygV3eLpY5ghnUcfLV/EXTOW1E2qYxJKGGBUtNjN76FYHnMs36RmARn41bC0AZmn+rR0OVpQ=="],
  }
}
